{
  "name": "frontend",
  "lockfileVersion": 3,
  "requires": true,
  "packages": {
    "": {
      "dependencies": {
        "pathpilot-reports-frontend": "file:.."
      }
    },
    "..": {
      "name": "pathpilot-reports-frontend",
      "version": "1.0.0",
      "dependencies": {
        "@vitejs/plugin-react": "^4.3.4",
        "lucide-react": "^0.468.0",
        "react": "^19.0.0",
        "react-dom": "^19.0.0",
        "vite": "^6.0.5",
        "weekly-progress-agent-backend": "file:.."
      }
    },
    "node_modules/pathpilot-reports-frontend": {
      "resolved": "..",
      "link": true
    }
  }
}
